Microsoft Visual Studio Solution File, Format Version 12.00
# Visual Studio Version 17
VisualStudioVersion = 17.5.2.0
MinimumVisualStudioVersion = 10.0.40219.1
Project("{FAE04EC0-301F-11D3-BF4B-00C04F79EFBC}") = "simpleApiRestDesafioEy", "simpleApiRestDesafioEy.csproj", "{51F663B9-6099-4C8F-A9D1-43EE57F29634}"
EndProject
Global
	GlobalSection(SolutionConfigurationPlatforms) = preSolution
		Debug|Any CPU = Debug|Any CPU
		Release|Any CPU = Release|Any CPU
	EndGlobalSection
	GlobalSection(ProjectConfigurationPlatforms) = postSolution
		{51F663B9-6099-4C8F-A9D1-43EE57F29634}.Debug|Any CPU.ActiveCfg = Debug|Any CPU
		{51F663B9-6099-4C8F-A9D1-43EE57F29634}.Debug|Any CPU.Build.0 = Debug|Any CPU
		{51F663B9-6099-4C8F-A9D1-43EE57F29634}.Release|Any CPU.ActiveCfg = Release|Any CPU
		{51F663B9-6099-4C8F-A9D1-43EE57F29634}.Release|Any CPU.Build.0 = Release|Any CPU
	EndGlobalSection
	GlobalSection(SolutionProperties) = preSolution
		HideSolutionNode = FALSE
	EndGlobalSection
	GlobalSection(ExtensibilityGlobals) = postSolution
		SolutionGuid = {FFBF4F59-A6A4-474D-BE07-C4E3CAF2DA69}
	EndGlobalSection
EndGlobal
